
Microsoft Visual Studio Solution File, Format Version 12.00
# Visual Studio Version 16
VisualStudioVersion = 16.0.30621.155
MinimumVisualStudioVersion = 10.0.40219.1
Project("{FAE04EC0-301F-11D3-BF4B-00C04F79EFBC}") = "BabyTech.Android", "BabyTech.Android\BabyTech.Android.csproj", "{5BF7A88B-FA6B-431E-BA08-C30955E7CC36}"
EndProject
Project("{FAE04EC0-301F-11D3-BF4B-00C04F79EFBC}") = "BabyTech.iOS", "BabyTech.iOS\BabyTech.iOS.csproj", "{150D41B6-3518-4EAE-AF85-ED6A638E5D80}"
EndProject
Project("{FAE04EC0-301F-11D3-BF4B-00C04F79EFBC}") = "BabyTech", "BabyTech\BabyTech.csproj", "{35D18E84-A9D9-4006-9A46-5518AE8F9490}"
EndProject
Global
	GlobalSection(SolutionConfigurationPlatforms) = preSolution
		Debug|Any CPU = Debug|Any CPU
		Debug|iPhone = Debug|iPhone
		Debug|iPhoneSimulator = Debug|iPhoneSimulator
		Release|Any CPU = Release|Any CPU
		Release|iPhone = Release|iPhone
		Release|iPhoneSimulator = Release|iPhoneSimulator
	EndGlobalSection
	GlobalSection(ProjectConfigurationPlatforms) = postSolution
		{5BF7A88B-FA6B-431E-BA08-C30955E7CC36}.Debug|Any CPU.ActiveCfg = Debug|Any CPU
		{5BF7A88B-FA6B-431E-BA08-C30955E7CC36}.Debug|Any CPU.Build.0 = Debug|Any CPU
		{5BF7A88B-FA6B-431E-BA08-C30955E7CC36}.Debug|Any CPU.Deploy.0 = Debug|Any CPU
		{5BF7A88B-FA6B-431E-BA08-C30955E7CC36}.Debug|iPhone.ActiveCfg = Debug|Any CPU
		{5BF7A88B-FA6B-431E-BA08-C30955E7CC36}.Debug|iPhone.Build.0 = Debug|Any CPU
		{5BF7A88B-FA6B-431E-BA08-C30955E7CC36}.Debug|iPhone.Deploy.0 = Debug|Any CPU
		{5BF7A88B-FA6B-431E-BA08-C30955E7CC36}.Debug|iPhoneSimulator.ActiveCfg = Debug|Any CPU
		{5BF7A88B-FA6B-431E-BA08-C30955E7CC36}.Debug|iPhoneSimulator.Build.0 = Debug|Any CPU
		{5BF7A88B-FA6B-431E-BA08-C30955E7CC36}.Debug|iPhoneSimulator.Deploy.0 = Debug|Any CPU
		{5BF7A88B-FA6B-431E-BA08-C30955E7CC36}.Release|Any CPU.ActiveCfg = Release|Any CPU
		{5BF7A88B-FA6B-431E-BA08-C30955E7CC36}.Release|Any CPU.Build.0 = Release|Any CPU
		{5BF7A88B-FA6B-431E-BA08-C30955E7CC36}.Release|Any CPU.Deploy.0 = Release|Any CPU
		{5BF7A88B-FA6B-431E-BA08-C30955E7CC36}.Release|iPhone.ActiveCfg = Release|Any CPU
		{5BF7A88B-FA6B-431E-BA08-C30955E7CC36}.Release|iPhone.Build.0 = Release|Any CPU
		{5BF7A88B-FA6B-431E-BA08-C30955E7CC36}.Release|iPhone.Deploy.0 = Release|Any CPU
		{5BF7A88B-FA6B-431E-BA08-C30955E7CC36}.Release|iPhoneSimulator.ActiveCfg = Release|Any CPU
		{5BF7A88B-FA6B-431E-BA08-C30955E7CC36}.Release|iPhoneSimulator.Build.0 = Release|Any CPU
		{5BF7A88B-FA6B-431E-BA08-C30955E7CC36}.Release|iPhoneSimulator.Deploy.0 = Release|Any CPU
		{150D41B6-3518-4EAE-AF85-ED6A638E5D80}.Debug|Any CPU.ActiveCfg = Debug|iPhone
		{150D41B6-3518-4EAE-AF85-ED6A638E5D80}.Debug|Any CPU.Build.0 = Debug|iPhone
		{150D41B6-3518-4EAE-AF85-ED6A638E5D80}.Debug|Any CPU.Deploy.0 = Debug|iPhone
		{150D41B6-3518-4EAE-AF85-ED6A638E5D80}.Debug|iPhone.ActiveCfg = Debug|iPhone
		{150D41B6-3518-4EAE-AF85-ED6A638E5D80}.Debug|iPhone.Build.0 = Debug|iPhone
		{150D41B6-3518-4EAE-AF85-ED6A638E5D80}.Debug|iPhone.Deploy.0 = Debug|iPhone
		{150D41B6-3518-4EAE-AF85-ED6A638E5D80}.Debug|iPhoneSimulator.ActiveCfg = Debug|iPhoneSimulator
		{150D41B6-3518-4EAE-AF85-ED6A638E5D80}.Debug|iPhoneSimulator.Build.0 = Debug|iPhoneSimulator
		{150D41B6-3518-4EAE-AF85-ED6A638E5D80}.Debug|iPhoneSimulator.Deploy.0 = Debug|iPhoneSimulator
		{150D41B6-3518-4EAE-AF85-ED6A638E5D80}.Release|Any CPU.ActiveCfg = Release|iPhoneSimulator
		{150D41B6-3518-4EAE-AF85-ED6A638E5D80}.Release|Any CPU.Build.0 = Release|iPhoneSimulator
		{150D41B6-3518-4EAE-AF85-ED6A638E5D80}.Release|Any CPU.Deploy.0 = Release|iPhoneSimulator
		{150D41B6-3518-4EAE-AF85-ED6A638E5D80}.Release|iPhone.ActiveCfg = Release|iPhone
		{150D41B6-3518-4EAE-AF85-ED6A638E5D80}.Release|iPhone.Build.0 = Release|iPhone
		{150D41B6-3518-4EAE-AF85-ED6A638E5D80}.Release|iPhone.Deploy.0 = Release|iPhone
		{150D41B6-3518-4EAE-AF85-ED6A638E5D80}.Release|iPhoneSimulator.ActiveCfg = Release|iPhoneSimulator
		{150D41B6-3518-4EAE-AF85-ED6A638E5D80}.Release|iPhoneSimulator.Build.0 = Release|iPhoneSimulator
		{150D41B6-3518-4EAE-AF85-ED6A638E5D80}.Release|iPhoneSimulator.Deploy.0 = Release|iPhoneSimulator
		{35D18E84-A9D9-4006-9A46-5518AE8F9490}.Debug|Any CPU.ActiveCfg = Debug|Any CPU
		{35D18E84-A9D9-4006-9A46-5518AE8F9490}.Debug|Any CPU.Build.0 = Debug|Any CPU
		{35D18E84-A9D9-4006-9A46-5518AE8F9490}.Debug|Any CPU.Deploy.0 = Debug|Any CPU
		{35D18E84-A9D9-4006-9A46-5518AE8F9490}.Debug|iPhone.ActiveCfg = Debug|Any CPU
		{35D18E84-A9D9-4006-9A46-5518AE8F9490}.Debug|iPhone.Build.0 = Debug|Any CPU
		{35D18E84-A9D9-4006-9A46-5518AE8F9490}.Debug|iPhone.Deploy.0 = Debug|Any CPU
		{35D18E84-A9D9-4006-9A46-5518AE8F9490}.Debug|iPhoneSimulator.ActiveCfg = Debug|Any CPU
		{35D18E84-A9D9-4006-9A46-5518AE8F9490}.Debug|iPhoneSimulator.Build.0 = Debug|Any CPU
		{35D18E84-A9D9-4006-9A46-5518AE8F9490}.Debug|iPhoneSimulator.Deploy.0 = Debug|Any CPU
		{35D18E84-A9D9-4006-9A46-5518AE8F9490}.Release|Any CPU.ActiveCfg = Release|Any CPU
		{35D18E84-A9D9-4006-9A46-5518AE8F9490}.Release|Any CPU.Build.0 = Release|Any CPU
		{35D18E84-A9D9-4006-9A46-5518AE8F9490}.Release|Any CPU.Deploy.0 = Release|Any CPU
		{35D18E84-A9D9-4006-9A46-5518AE8F9490}.Release|iPhone.ActiveCfg = Release|Any CPU
		{35D18E84-A9D9-4006-9A46-5518AE8F9490}.Release|iPhone.Build.0 = Release|Any CPU
		{35D18E84-A9D9-4006-9A46-5518AE8F9490}.Release|iPhone.Deploy.0 = Release|Any CPU
		{35D18E84-A9D9-4006-9A46-5518AE8F9490}.Release|iPhoneSimulator.ActiveCfg = Release|Any CPU
		{35D18E84-A9D9-4006-9A46-5518AE8F9490}.Release|iPhoneSimulator.Build.0 = Release|Any CPU
		{35D18E84-A9D9-4006-9A46-5518AE8F9490}.Release|iPhoneSimulator.Deploy.0 = Release|Any CPU
	EndGlobalSection
	GlobalSection(SolutionProperties) = preSolution
		HideSolutionNode = FALSE
	EndGlobalSection
	GlobalSection(ExtensibilityGlobals) = postSolution
		SolutionGuid = {835454D5-CB60-48E6-B856-5536887FF422}
	EndGlobalSection
EndGlobal
